
Microsoft Visual Studio Solution File, Format Version 12.00
# Visual Studio Version 17
VisualStudioVersion = 17.0.31903.59
MinimumVisualStudioVersion = 10.0.40219.1
Project("{2150E333-8FDC-42A3-9474-1A3956D46DE8}") = "src", "src", "{827E0CD3-B72D-47B6-A68D-7590B98EB39B}"
EndProject
Project("{FAE04EC0-301F-11D3-BF4B-00C04F79EFBC}") = "Vifan.PrintTech.Domain", "src\Vifan.PrintTech.Domain\Vifan.PrintTech.Domain.csproj", "{AE322F8E-D540-4F68-A941-B7847C5146E4}"
EndProject
Project("{FAE04EC0-301F-11D3-BF4B-00C04F79EFBC}") = "Vifan.PrintTech.Application", "src\Vifan.PrintTech.Application\Vifan.PrintTech.Application.csproj", "{3D0F7F1B-9DC5-4B14-9CBE-FBE95D6F5D39}"
EndProject
Project("{FAE04EC0-301F-11D3-BF4B-00C04F79EFBC}") = "Vifan.PrintTech.Infrastructure", "src\Vifan.PrintTech.Infrastructure\Vifan.PrintTech.Infrastructure.csproj", "{AE8323DD-626F-4869-BC96-7688CEFEADCC}"
EndProject
Project("{FAE04EC0-301F-11D3-BF4B-00C04F79EFBC}") = "Vifan.PrintTech.API", "src\Vifan.PrintTech.API\Vifan.PrintTech.API.csproj", "{DB2688C0-73A9-4A5F-A413-216CA75FEA4E}"
EndProject
Global
	GlobalSection(SolutionConfigurationPlatforms) = preSolution
		Debug|Any CPU = Debug|Any CPU
		Debug|x64 = Debug|x64
		Debug|x86 = Debug|x86
		Release|Any CPU = Release|Any CPU
		Release|x64 = Release|x64
		Release|x86 = Release|x86
	EndGlobalSection
	GlobalSection(ProjectConfigurationPlatforms) = postSolution
		{AE322F8E-D540-4F68-A941-B7847C5146E4}.Debug|Any CPU.ActiveCfg = Debug|Any CPU
		{AE322F8E-D540-4F68-A941-B7847C5146E4}.Debug|Any CPU.Build.0 = Debug|Any CPU
		{AE322F8E-D540-4F68-A941-B7847C5146E4}.Debug|x64.ActiveCfg = Debug|Any CPU
		{AE322F8E-D540-4F68-A941-B7847C5146E4}.Debug|x64.Build.0 = Debug|Any CPU
		{AE322F8E-D540-4F68-A941-B7847C5146E4}.Debug|x86.ActiveCfg = Debug|Any CPU
		{AE322F8E-D540-4F68-A941-B7847C5146E4}.Debug|x86.Build.0 = Debug|Any CPU
		{AE322F8E-D540-4F68-A941-B7847C5146E4}.Release|Any CPU.ActiveCfg = Release|Any CPU
		{AE322F8E-D540-4F68-A941-B7847C5146E4}.Release|Any CPU.Build.0 = Release|Any CPU
		{AE322F8E-D540-4F68-A941-B7847C5146E4}.Release|x64.ActiveCfg = Release|Any CPU
		{AE322F8E-D540-4F68-A941-B7847C5146E4}.Release|x64.Build.0 = Release|Any CPU
		{AE322F8E-D540-4F68-A941-B7847C5146E4}.Release|x86.ActiveCfg = Release|Any CPU
		{AE322F8E-D540-4F68-A941-B7847C5146E4}.Release|x86.Build.0 = Release|Any CPU
		{3D0F7F1B-9DC5-4B14-9CBE-FBE95D6F5D39}.Debug|Any CPU.ActiveCfg = Debug|Any CPU
		{3D0F7F1B-9DC5-4B14-9CBE-FBE95D6F5D39}.Debug|Any CPU.Build.0 = Debug|Any CPU
		{3D0F7F1B-9DC5-4B14-9CBE-FBE95D6F5D39}.Debug|x64.ActiveCfg = Debug|Any CPU
		{3D0F7F1B-9DC5-4B14-9CBE-FBE95D6F5D39}.Debug|x64.Build.0 = Debug|Any CPU
		{3D0F7F1B-9DC5-4B14-9CBE-FBE95D6F5D39}.Debug|x86.ActiveCfg = Debug|Any CPU
		{3D0F7F1B-9DC5-4B14-9CBE-FBE95D6F5D39}.Debug|x86.Build.0 = Debug|Any CPU
		{3D0F7F1B-9DC5-4B14-9CBE-FBE95D6F5D39}.Release|Any CPU.ActiveCfg = Release|Any CPU
		{3D0F7F1B-9DC5-4B14-9CBE-FBE95D6F5D39}.Release|Any CPU.Build.0 = Release|Any CPU
		{3D0F7F1B-9DC5-4B14-9CBE-FBE95D6F5D39}.Release|x64.ActiveCfg = Release|Any CPU
		{3D0F7F1B-9DC5-4B14-9CBE-FBE95D6F5D39}.Release|x64.Build.0 = Release|Any CPU
		{3D0F7F1B-9DC5-4B14-9CBE-FBE95D6F5D39}.Release|x86.ActiveCfg = Release|Any CPU
		{3D0F7F1B-9DC5-4B14-9CBE-FBE95D6F5D39}.Release|x86.Build.0 = Release|Any CPU
		{AE8323DD-626F-4869-BC96-7688CEFEADCC}.Debug|Any CPU.ActiveCfg = Debug|Any CPU
		{AE8323DD-626F-4869-BC96-7688CEFEADCC}.Debug|Any CPU.Build.0 = Debug|Any CPU
		{AE8323DD-626F-4869-BC96-7688CEFEADCC}.Debug|x64.ActiveCfg = Debug|Any CPU
		{AE8323DD-626F-4869-BC96-7688CEFEADCC}.Debug|x64.Build.0 = Debug|Any CPU
		{AE8323DD-626F-4869-BC96-7688CEFEADCC}.Debug|x86.ActiveCfg = Debug|Any CPU
		{AE8323DD-626F-4869-BC96-7688CEFEADCC}.Debug|x86.Build.0 = Debug|Any CPU
		{AE8323DD-626F-4869-BC96-7688CEFEADCC}.Release|Any CPU.ActiveCfg = Release|Any CPU
		{AE8323DD-626F-4869-BC96-7688CEFEADCC}.Release|Any CPU.Build.0 = Release|Any CPU
		{AE8323DD-626F-4869-BC96-7688CEFEADCC}.Release|x64.ActiveCfg = Release|Any CPU
		{AE8323DD-626F-4869-BC96-7688CEFEADCC}.Release|x64.Build.0 = Release|Any CPU
		{AE8323DD-626F-4869-BC96-7688CEFEADCC}.Release|x86.ActiveCfg = Release|Any CPU
		{AE8323DD-626F-4869-BC96-7688CEFEADCC}.Release|x86.Build.0 = Release|Any CPU
		{DB2688C0-73A9-4A5F-A413-216CA75FEA4E}.Debug|Any CPU.ActiveCfg = Debug|Any CPU
		{DB2688C0-73A9-4A5F-A413-216CA75FEA4E}.Debug|Any CPU.Build.0 = Debug|Any CPU
		{DB2688C0-73A9-4A5F-A413-216CA75FEA4E}.Debug|x64.ActiveCfg = Debug|Any CPU
		{DB2688C0-73A9-4A5F-A413-216CA75FEA4E}.Debug|x64.Build.0 = Debug|Any CPU
		{DB2688C0-73A9-4A5F-A413-216CA75FEA4E}.Debug|x86.ActiveCfg = Debug|Any CPU
		{DB2688C0-73A9-4A5F-A413-216CA75FEA4E}.Debug|x86.Build.0 = Debug|Any CPU
		{DB2688C0-73A9-4A5F-A413-216CA75FEA4E}.Release|Any CPU.ActiveCfg = Release|Any CPU
		{DB2688C0-73A9-4A5F-A413-216CA75FEA4E}.Release|Any CPU.Build.0 = Release|Any CPU
		{DB2688C0-73A9-4A5F-A413-216CA75FEA4E}.Release|x64.ActiveCfg = Release|Any CPU
		{DB2688C0-73A9-4A5F-A413-216CA75FEA4E}.Release|x64.Build.0 = Release|Any CPU
		{DB2688C0-73A9-4A5F-A413-216CA75FEA4E}.Release|x86.ActiveCfg = Release|Any CPU
		{DB2688C0-73A9-4A5F-A413-216CA75FEA4E}.Release|x86.Build.0 = Release|Any CPU
	EndGlobalSection
	GlobalSection(SolutionProperties) = preSolution
		HideSolutionNode = FALSE
	EndGlobalSection
	GlobalSection(NestedProjects) = preSolution
		{AE322F8E-D540-4F68-A941-B7847C5146E4} = {827E0CD3-B72D-47B6-A68D-7590B98EB39B}
		{3D0F7F1B-9DC5-4B14-9CBE-FBE95D6F5D39} = {827E0CD3-B72D-47B6-A68D-7590B98EB39B}
		{AE8323DD-626F-4869-BC96-7688CEFEADCC} = {827E0CD3-B72D-47B6-A68D-7590B98EB39B}
		{DB2688C0-73A9-4A5F-A413-216CA75FEA4E} = {827E0CD3-B72D-47B6-A68D-7590B98EB39B}
	EndGlobalSection
EndGlobal
